
Microsoft Visual Studio Solution File, Format Version 12.00
# Visual Studio Version 16
VisualStudioVersion = 16.0.30804.86
MinimumVisualStudioVersion = 10.0.40219.1
Project("{FAE04EC0-301F-11D3-BF4B-00C04F79EFBC}") = "BuzzerApp", "BuzzerApp.csproj", "{89520B99-33AE-4579-9DA0-C30D91E935F5}"
EndProject
Global
	GlobalSection(SolutionConfigurationPlatforms) = preSolution
		Debug|Any CPU = Debug|Any CPU
		Release|Any CPU = Release|Any CPU
	EndGlobalSection
	GlobalSection(ProjectConfigurationPlatforms) = postSolution
		{89520B99-33AE-4579-9DA0-C30D91E935F5}.Debug|Any CPU.ActiveCfg = Debug|Any CPU
		{89520B99-33AE-4579-9DA0-C30D91E935F5}.Debug|Any CPU.Build.0 = Debug|Any CPU
		{89520B99-33AE-4579-9DA0-C30D91E935F5}.Release|Any CPU.ActiveCfg = Release|Any CPU
		{89520B99-33AE-4579-9DA0-C30D91E935F5}.Release|Any CPU.Build.0 = Release|Any CPU
	EndGlobalSection
	GlobalSection(SolutionProperties) = preSolution
		HideSolutionNode = FALSE
	EndGlobalSection
	GlobalSection(ExtensibilityGlobals) = postSolution
		SolutionGuid = {AFA4E17D-C75C-4DAB-AEE3-3267CC7A4982}
	EndGlobalSection
EndGlobal
